
Microsoft Visual Studio Solution File, Format Version 12.00
# Visual Studio Version 16
VisualStudioVersion = 16.0.29326.143
MinimumVisualStudioVersion = 10.0.40219.1
Project("{FAE04EC0-301F-11D3-BF4B-00C04F79EFBC}") = "Harjutus", "Harjutus\Harjutus.csproj", "{EF06136D-9F9E-4FE8-A3FF-A6495D4E7D95}"
EndProject
Global
	GlobalSection(SolutionConfigurationPlatforms) = preSolution
		Debug|Any CPU = Debug|Any CPU
		Release|Any CPU = Release|Any CPU
	EndGlobalSection
	GlobalSection(ProjectConfigurationPlatforms) = postSolution
		{EF06136D-9F9E-4FE8-A3FF-A6495D4E7D95}.Debug|Any CPU.ActiveCfg = Debug|Any CPU
		{EF06136D-9F9E-4FE8-A3FF-A6495D4E7D95}.Debug|Any CPU.Build.0 = Debug|Any CPU
		{EF06136D-9F9E-4FE8-A3FF-A6495D4E7D95}.Release|Any CPU.ActiveCfg = Release|Any CPU
		{EF06136D-9F9E-4FE8-A3FF-A6495D4E7D95}.Release|Any CPU.Build.0 = Release|Any CPU
	EndGlobalSection
	GlobalSection(SolutionProperties) = preSolution
		HideSolutionNode = FALSE
	EndGlobalSection
	GlobalSection(ExtensibilityGlobals) = postSolution
		SolutionGuid = {E29CBD37-14C0-4DE6-9C45-0BAE6F64DC49}
	EndGlobalSection
EndGlobal
